
Microsoft Visual Studio Solution File, Format Version 12.00
# Visual Studio Version 17
VisualStudioVersion = 17.4.33205.214
MinimumVisualStudioVersion = 10.0.40219.1
Project("{FAE04EC0-301F-11D3-BF4B-00C04F79EFBC}") = "TutorialWinFormsApp", "TutorialWinFormsApp.csproj", "{C8EA52C8-AF8D-4C61-88B1-0D8C2EF42075}"
EndProject
Global
	GlobalSection(SolutionConfigurationPlatforms) = preSolution
		Debug|Any CPU = Debug|Any CPU
		Release|Any CPU = Release|Any CPU
	EndGlobalSection
	GlobalSection(ProjectConfigurationPlatforms) = postSolution
		{C8EA52C8-AF8D-4C61-88B1-0D8C2EF42075}.Debug|Any CPU.ActiveCfg = Debug|Any CPU
		{C8EA52C8-AF8D-4C61-88B1-0D8C2EF42075}.Debug|Any CPU.Build.0 = Debug|Any CPU
		{C8EA52C8-AF8D-4C61-88B1-0D8C2EF42075}.Release|Any CPU.ActiveCfg = Release|Any CPU
		{C8EA52C8-AF8D-4C61-88B1-0D8C2EF42075}.Release|Any CPU.Build.0 = Release|Any CPU
	EndGlobalSection
	GlobalSection(SolutionProperties) = preSolution
		HideSolutionNode = FALSE
	EndGlobalSection
	GlobalSection(ExtensibilityGlobals) = postSolution
		SolutionGuid = {EBDB7CF3-3197-4499-B6E1-D6409396D4C4}
	EndGlobalSection
EndGlobal
